
Microsoft Visual Studio Solution File, Format Version 12.00
# Visual Studio Version 17
VisualStudioVersion = 17.11.35222.181
MinimumVisualStudioVersion = 10.0.40219.1
Project("{8BC9CEB8-8B4A-11D0-8D11-00A0C91BC942}") = "Дот 26.09.2024", "Дот 26.09.2024\Дот 26.09.2024.vcxproj", "{ECFE140A-57DD-46DE-A1E3-0E7C95EFFFCE}"
EndProject
Global
	GlobalSection(SolutionConfigurationPlatforms) = preSolution
		Debug|x64 = Debug|x64
		Debug|x86 = Debug|x86
		Release|x64 = Release|x64
		Release|x86 = Release|x86
	EndGlobalSection
	GlobalSection(ProjectConfigurationPlatforms) = postSolution
		{ECFE140A-57DD-46DE-A1E3-0E7C95EFFFCE}.Debug|x64.ActiveCfg = Debug|x64
		{ECFE140A-57DD-46DE-A1E3-0E7C95EFFFCE}.Debug|x64.Build.0 = Debug|x64
		{ECFE140A-57DD-46DE-A1E3-0E7C95EFFFCE}.Debug|x86.ActiveCfg = Debug|Win32
		{ECFE140A-57DD-46DE-A1E3-0E7C95EFFFCE}.Debug|x86.Build.0 = Debug|Win32
		{ECFE140A-57DD-46DE-A1E3-0E7C95EFFFCE}.Release|x64.ActiveCfg = Release|x64
		{ECFE140A-57DD-46DE-A1E3-0E7C95EFFFCE}.Release|x64.Build.0 = Release|x64
		{ECFE140A-57DD-46DE-A1E3-0E7C95EFFFCE}.Release|x86.ActiveCfg = Release|Win32
		{ECFE140A-57DD-46DE-A1E3-0E7C95EFFFCE}.Release|x86.Build.0 = Release|Win32
	EndGlobalSection
	GlobalSection(SolutionProperties) = preSolution
		HideSolutionNode = FALSE
	EndGlobalSection
	GlobalSection(ExtensibilityGlobals) = postSolution
		SolutionGuid = {F2C50957-C4B8-431B-8B3D-779371F14C71}
	EndGlobalSection
EndGlobal
